// !$*UTF8*$!
{
	archiveVersion = 1;
	classes = {
	};
	objectVersion = 56;
	objects = {

/* Begin PBXBuildFile section */
		EE9D2BF02A09F1D70034BC94 /* BalPAN.jpg in Resources */ = {isa = PBXBuildFile; fileRef = EE9D2BEF2A09F1D70034BC94 /* BalPAN.jpg */; };
		EE9EB82D2A08BEB100CD78B5 /* MC2BuriBuriApp.swift in Sources */ = {isa = PBXBuildFile; fileRef = EE9EB82C2A08BEB100CD78B5 /* MC2BuriBuriApp.swift */; };
		EE9EB8312A08BEB100CD78B5 /* Assets.xcassets in Resources */ = {isa = PBXBuildFile; fileRef = EE9EB8302A08BEB100CD78B5 /* Assets.xcassets */; };
		EE9EB8342A08BEB100CD78B5 /* Preview Assets.xcassets in Resources */ = {isa = PBXBuildFile; fileRef = EE9EB8332A08BEB100CD78B5 /* Preview Assets.xcassets */; };
		EE9EB83B2A08BEBE00CD78B5 /* Item.swift in Sources */ = {isa = PBXBuildFile; fileRef = EE9EB83A2A08BEBE00CD78B5 /* Item.swift */; };
		EE9EB8412A08DF8E00CD78B5 /* ARView.swift in Sources */ = {isa = PBXBuildFile; fileRef = EE9EB8402A08DF8E00CD78B5 /* ARView.swift */; };
		EE9EB8432A08ED4B00CD78B5 /* ScanView.swift in Sources */ = {isa = PBXBuildFile; fileRef = EE9EB8422A08ED4B00CD78B5 /* ScanView.swift */; };
		EE9EB8452A0903A000CD78B5 /* DataModel.swift in Sources */ = {isa = PBXBuildFile; fileRef = EE9EB8442A0903A000CD78B5 /* DataModel.swift */; };
		EE9EB8472A0905CD00CD78B5 /* FileManagerExtensions.swift in Sources */ = {isa = PBXBuildFile; fileRef = EE9EB8462A0905CD00CD78B5 /* FileManagerExtensions.swift */; };
		EE9EB8492A09357E00CD78B5 /* getFunction.swift in Sources */ = {isa = PBXBuildFile; fileRef = EE9EB8482A09357E00CD78B5 /* getFunction.swift */; };
		EE9EB84C2A09444800CD78B5 /* GridItemView.swift in Sources */ = {isa = PBXBuildFile; fileRef = EE9EB84B2A09444800CD78B5 /* GridItemView.swift */; };
		EE9EB8542A09491800CD78B5 /* AlbumView.swift in Sources */ = {isa = PBXBuildFile; fileRef = EE9EB8532A09491800CD78B5 /* AlbumView.swift */; };
		EE9EB8672A09532700CD78B5 /* 333.png in Resources */ = {isa = PBXBuildFile; fileRef = EE9EB85D2A09532700CD78B5 /* 333.png */; };
		EE9EB86A2A09532800CD78B5 /* 222.png in Resources */ = {isa = PBXBuildFile; fileRef = EE9EB8602A09532700CD78B5 /* 222.png */; };
		EE9EB86B2A09532800CD78B5 /* 111.png in Resources */ = {isa = PBXBuildFile; fileRef = EE9EB8612A09532700CD78B5 /* 111.png */; };
		EE9EB86C2A09532800CD78B5 /* 555.png in Resources */ = {isa = PBXBuildFile; fileRef = EE9EB8622A09532700CD78B5 /* 555.png */; };
		EE9EB86D2A09532800CD78B5 /* 666.png in Resources */ = {isa = PBXBuildFile; fileRef = EE9EB8632A09532700CD78B5 /* 666.png */; };
		EE9EB86E2A09532800CD78B5 /* 444.png in Resources */ = {isa = PBXBuildFile; fileRef = EE9EB8642A09532700CD78B5 /* 444.png */; };
		EE9EB86F2A09532800CD78B5 /* 777.png in Resources */ = {isa = PBXBuildFile; fileRef = EE9EB8652A09532700CD78B5 /* 777.png */; };
		EE9EB8712A0953FF00CD78B5 /* PhotoPicker.swift in Sources */ = {isa = PBXBuildFile; fileRef = EE9EB8702A0953FF00CD78B5 /* PhotoPicker.swift */; };
/* End PBXBuildFile section */

/* Begin PBXFileReference section */
		EE9D2BEF2A09F1D70034BC94 /* BalPAN.jpg */ = {isa = PBXFileReference; lastKnownFileType = image.jpeg; path = BalPAN.jpg; sourceTree = "<group>"; };
		EE9EB8292A08BEB100CD78B5 /* MC2BuriBuri.app */ = {isa = PBXFileReference; explicitFileType = wrapper.application; includeInIndex = 0; path = MC2BuriBuri.app; sourceTree = BUILT_PRODUCTS_DIR; };
		EE9EB82C2A08BEB100CD78B5 /* MC2BuriBuriApp.swift */ = {isa = PBXFileReference; lastKnownFileType = sourcecode.swift; path = MC2BuriBuriApp.swift; sourceTree = "<group>"; };
		EE9EB8302A08BEB100CD78B5 /* Assets.xcassets */ = {isa = PBXFileReference; lastKnownFileType = folder.assetcatalog; path = Assets.xcassets; sourceTree = "<group>"; };
		EE9EB8332A08BEB100CD78B5 /* Preview Assets.xcassets */ = {isa = PBXFileReference; lastKnownFileType = folder.assetcatalog; path = "Preview Assets.xcassets"; sourceTree = "<group>"; };
		EE9EB83A2A08BEBE00CD78B5 /* Item.swift */ = {isa = PBXFileReference; lastKnownFileType = sourcecode.swift; path = Item.swift; sourceTree = "<group>"; };
		EE9EB8402A08DF8E00CD78B5 /* ARView.swift */ = {isa = PBXFileReference; lastKnownFileType = sourcecode.swift; path = ARView.swift; sourceTree = "<group>"; };
		EE9EB8422A08ED4B00CD78B5 /* ScanView.swift */ = {isa = PBXFileReference; lastKnownFileType = sourcecode.swift; path = ScanView.swift; sourceTree = "<group>"; };
		EE9EB8442A0903A000CD78B5 /* DataModel.swift */ = {isa = PBXFileReference; lastKnownFileType = sourcecode.swift; path = DataModel.swift; sourceTree = "<group>"; };
		EE9EB8462A0905CD00CD78B5 /* FileManagerExtensions.swift */ = {isa = PBXFileReference; lastKnownFileType = sourcecode.swift; path = FileManagerExtensions.swift; sourceTree = "<group>"; };
		EE9EB8482A09357E00CD78B5 /* getFunction.swift */ = {isa = PBXFileReference; lastKnownFileType = sourcecode.swift; path = getFunction.swift; sourceTree = "<group>"; };
		EE9EB84B2A09444800CD78B5 /* GridItemView.swift */ = {isa = PBXFileReference; lastKnownFileType = sourcecode.swift; path = GridItemView.swift; sourceTree = "<group>"; };
		EE9EB8532A09491800CD78B5 /* AlbumView.swift */ = {isa = PBXFileReference; lastKnownFileType = sourcecode.swift; path = AlbumView.swift; sourceTree = "<group>"; };
		EE9EB85D2A09532700CD78B5 /* 333.png */ = {isa = PBXFileReference; lastKnownFileType = image.png; path = 333.png; sourceTree = "<group>"; };
		EE9EB8602A09532700CD78B5 /* 222.png */ = {isa = PBXFileReference; lastKnownFileType = image.png; path = 222.png; sourceTree = "<group>"; };
		EE9EB8612A09532700CD78B5 /* 111.png */ = {isa = PBXFileReference; lastKnownFileType = image.png; path = 111.png; sourceTree = "<group>"; };
		EE9EB8622A09532700CD78B5 /* 555.png */ = {isa = PBXFileReference; lastKnownFileType = image.png; path = 555.png; sourceTree = "<group>"; };
		EE9EB8632A09532700CD78B5 /* 666.png */ = {isa = PBXFileReference; lastKnownFileType = image.png; path = 666.png; sourceTree = "<group>"; };
		EE9EB8642A09532700CD78B5 /* 444.png */ = {isa = PBXFileReference; lastKnownFileType = image.png; path = 444.png; sourceTree = "<group>"; };
		EE9EB8652A09532700CD78B5 /* 777.png */ = {isa = PBXFileReference; lastKnownFileType = image.png; path = 777.png; sourceTree = "<group>"; };
		EE9EB8702A0953FF00CD78B5 /* PhotoPicker.swift */ = {isa = PBXFileReference; lastKnownFileType = sourcecode.swift; path = PhotoPicker.swift; sourceTree = "<group>"; };
/* End PBXFileReference section */

/* Begin PBXFrameworksBuildPhase section */
		EE9EB8262A08BEB100CD78B5 /* Frameworks */ = {
			isa = PBXFrameworksBuildPhase;
			buildActionMask = 2147483647;
			files = (
			);
			runOnlyForDeploymentPostprocessing = 0;
		};
/* End PBXFrameworksBuildPhase section */

/* Begin PBXGroup section */
		EE9EB8202A08BEB100CD78B5 = {
			isa = PBXGroup;
			children = (
				EE9EB82B2A08BEB100CD78B5 /* MC2BuriBuri */,
				EE9EB82A2A08BEB100CD78B5 /* Products */,
			);
			sourceTree = "<group>";
		};
		EE9EB82A2A08BEB100CD78B5 /* Products */ = {
			isa = PBXGroup;
			children = (
				EE9EB8292A08BEB100CD78B5 /* MC2BuriBuri.app */,
			);
			name = Products;
			sourceTree = "<group>";
		};
		EE9EB82B2A08BEB100CD78B5 /* MC2BuriBuri */ = {
			isa = PBXGroup;
			children = (
				EE9EB82C2A08BEB100CD78B5 /* MC2BuriBuriApp.swift */,
				EE9EB84A2A093F3E00CD78B5 /* Data */,
				EE9EB8782A09F01000CD78B5 /* View */,
				EE9EB85B2A09531800CD78B5 /* Image */,
				EE9EB8302A08BEB100CD78B5 /* Assets.xcassets */,
				EE9EB8322A08BEB100CD78B5 /* Preview Content */,
			);
			path = MC2BuriBuri;
			sourceTree = "<group>";
		};
		EE9EB8322A08BEB100CD78B5 /* Preview Content */ = {
			isa = PBXGroup;
			children = (
				EE9EB8332A08BEB100CD78B5 /* Preview Assets.xcassets */,
			);
			path = "Preview Content";
			sourceTree = "<group>";
		};
		EE9EB84A2A093F3E00CD78B5 /* Data */ = {
			isa = PBXGroup;
			children = (
				EE9EB8702A0953FF00CD78B5 /* PhotoPicker.swift */,
				EE9EB83A2A08BEBE00CD78B5 /* Item.swift */,
				EE9EB8442A0903A000CD78B5 /* DataModel.swift */,
				EE9EB8462A0905CD00CD78B5 /* FileManagerExtensions.swift */,
				EE9EB8482A09357E00CD78B5 /* getFunction.swift */,
			);
			path = Data;
			sourceTree = "<group>";
		};
		EE9EB85B2A09531800CD78B5 /* Image */ = {
			isa = PBXGroup;
			children = (
				EE9D2BEF2A09F1D70034BC94 /* BalPAN.jpg */,
				EE9EB8612A09532700CD78B5 /* 111.png */,
				EE9EB8602A09532700CD78B5 /* 222.png */,
				EE9EB85D2A09532700CD78B5 /* 333.png */,
				EE9EB8642A09532700CD78B5 /* 444.png */,
				EE9EB8622A09532700CD78B5 /* 555.png */,
				EE9EB8632A09532700CD78B5 /* 666.png */,
				EE9EB8652A09532700CD78B5 /* 777.png */,
			);
			path = Image;
			sourceTree = "<group>";
		};
		EE9EB8782A09F01000CD78B5 /* View */ = {
			isa = PBXGroup;
			children = (
				EE9EB8402A08DF8E00CD78B5 /* ARView.swift */,
				EE9EB8422A08ED4B00CD78B5 /* ScanView.swift */,
				EE9EB84B2A09444800CD78B5 /* GridItemView.swift */,
				EE9EB8532A09491800CD78B5 /* AlbumView.swift */,
			);
			path = View;
			sourceTree = "<group>";
		};
/* End PBXGroup section */

/* Begin PBXNativeTarget section */
		EE9EB8282A08BEB100CD78B5 /* MC2BuriBuri */ = {
			isa = PBXNativeTarget;
			buildConfigurationList = EE9EB8372A08BEB100CD78B5 /* Build configuration list for PBXNativeTarget "MC2BuriBuri" */;
			buildPhases = (
				EE9EB8252A08BEB100CD78B5 /* Sources */,
				EE9EB8262A08BEB100CD78B5 /* Frameworks */,
				EE9EB8272A08BEB100CD78B5 /* Resources */,
			);
			buildRules = (
			);
			dependencies = (
			);
			name = MC2BuriBuri;
			productName = FileManagerTest;
			productReference = EE9EB8292A08BEB100CD78B5 /* MC2BuriBuri.app */;
			productType = "com.apple.product-type.application";
		};
/* End PBXNativeTarget section */

/* Begin PBXProject section */
		EE9EB8212A08BEB100CD78B5 /* Project object */ = {
			isa = PBXProject;
			attributes = {
				BuildIndependentTargetsInParallel = 1;
				LastSwiftUpdateCheck = 1430;
				LastUpgradeCheck = 1430;
				TargetAttributes = {
					EE9EB8282A08BEB100CD78B5 = {
						CreatedOnToolsVersion = 14.3;
					};
				};
			};
			buildConfigurationList = EE9EB8242A08BEB100CD78B5 /* Build configuration list for PBXProject "MC2BuriBuri" */;
			compatibilityVersion = "Xcode 14.0";
			developmentRegion = en;
			hasScannedForEncodings = 0;
			knownRegions = (
				en,
				Base,
			);
			mainGroup = EE9EB8202A08BEB100CD78B5;
			productRefGroup = EE9EB82A2A08BEB100CD78B5 /* Products */;
			projectDirPath = "";
			projectRoot = "";
			targets = (
				EE9EB8282A08BEB100CD78B5 /* MC2BuriBuri */,
			);
		};
/* End PBXProject section */

/* Begin PBXResourcesBuildPhase section */
		EE9EB8272A08BEB100CD78B5 /* Resources */ = {
			isa = PBXResourcesBuildPhase;
			buildActionMask = 2147483647;
			files = (
				EE9EB86E2A09532800CD78B5 /* 444.png in Resources */,
				EE9EB86F2A09532800CD78B5 /* 777.png in Resources */,
				EE9EB8342A08BEB100CD78B5 /* Preview Assets.xcassets in Resources */,
				EE9EB86C2A09532800CD78B5 /* 555.png in Resources */,
				EE9EB8312A08BEB100CD78B5 /* Assets.xcassets in Resources */,
				EE9EB86B2A09532800CD78B5 /* 111.png in Resources */,
				EE9EB86A2A09532800CD78B5 /* 222.png in Resources */,
				EE9D2BF02A09F1D70034BC94 /* BalPAN.jpg in Resources */,
				EE9EB86D2A09532800CD78B5 /* 666.png in Resources */,
				EE9EB8672A09532700CD78B5 /* 333.png in Resources */,
			);
			runOnlyForDeploymentPostprocessing = 0;
		};
/* End PBXResourcesBuildPhase section */

/* Begin PBXSourcesBuildPhase section */
		EE9EB8252A08BEB100CD78B5 /* Sources */ = {
			isa = PBXSourcesBuildPhase;
			buildActionMask = 2147483647;
			files = (
				EE9EB8712A0953FF00CD78B5 /* PhotoPicker.swift in Sources */,
				EE9EB84C2A09444800CD78B5 /* GridItemView.swift in Sources */,
				EE9EB8472A0905CD00CD78B5 /* FileManagerExtensions.swift in Sources */,
				EE9EB8492A09357E00CD78B5 /* getFunction.swift in Sources */,
				EE9EB8412A08DF8E00CD78B5 /* ARView.swift in Sources */,
				EE9EB8432A08ED4B00CD78B5 /* ScanView.swift in Sources */,
				EE9EB82D2A08BEB100CD78B5 /* MC2BuriBuriApp.swift in Sources */,
				EE9EB83B2A08BEBE00CD78B5 /* Item.swift in Sources */,
				EE9EB8542A09491800CD78B5 /* AlbumView.swift in Sources */,
				EE9EB8452A0903A000CD78B5 /* DataModel.swift in Sources */,
			);
			runOnlyForDeploymentPostprocessing = 0;
		};
/* End PBXSourcesBuildPhase section */

/* Begin XCBuildConfiguration section */
		EE9EB8352A08BEB100CD78B5 /* Debug */ = {
			isa = XCBuildConfiguration;
			buildSettings = {
				ALWAYS_SEARCH_USER_PATHS = NO;
				CLANG_ANALYZER_NONNULL = YES;
				CLANG_ANALYZER_NUMBER_OBJECT_CONVERSION = YES_AGGRESSIVE;
				CLANG_CXX_LANGUAGE_STANDARD = "gnu++20";
				CLANG_ENABLE_MODULES = YES;
				CLANG_ENABLE_OBJC_ARC = YES;
				CLANG_ENABLE_OBJC_WEAK = YES;
				CLANG_WARN_BLOCK_CAPTURE_AUTORELEASING = YES;
				CLANG_WARN_BOOL_CONVERSION = YES;
				CLANG_WARN_COMMA = YES;
				CLANG_WARN_CONSTANT_CONVERSION = YES;
				CLANG_WARN_DEPRECATED_OBJC_IMPLEMENTATIONS = YES;
				CLANG_WARN_DIRECT_OBJC_ISA_USAGE = YES_ERROR;
				CLANG_WARN_DOCUMENTATION_COMMENTS = YES;
				CLANG_WARN_EMPTY_BODY = YES;
				CLANG_WARN_ENUM_CONVERSION = YES;
				CLANG_WARN_INFINITE_RECURSION = YES;
				CLANG_WARN_INT_CONVERSION = YES;
				CLANG_WARN_NON_LITERAL_NULL_CONVERSION = YES;
				CLANG_WARN_OBJC_IMPLICIT_RETAIN_SELF = YES;
				CLANG_WARN_OBJC_LITERAL_CONVERSION = YES;
				CLANG_WARN_OBJC_ROOT_CLASS = YES_ERROR;
				CLANG_WARN_QUOTED_INCLUDE_IN_FRAMEWORK_HEADER = YES;
				CLANG_WARN_RANGE_LOOP_ANALYSIS = YES;
				CLANG_WARN_STRICT_PROTOTYPES = YES;
				CLANG_WARN_SUSPICIOUS_MOVE = YES;
				CLANG_WARN_UNGUARDED_AVAILABILITY = YES_AGGRESSIVE;
				CLANG_WARN_UNREACHABLE_CODE = YES;
				CLANG_WARN__DUPLICATE_METHOD_MATCH = YES;
				COPY_PHASE_STRIP = NO;
				DEBUG_INFORMATION_FORMAT = dwarf;
				ENABLE_STRICT_OBJC_MSGSEND = YES;
				ENABLE_TESTABILITY = YES;
				GCC_C_LANGUAGE_STANDARD = gnu11;
				GCC_DYNAMIC_NO_PIC = NO;
				GCC_NO_COMMON_BLOCKS = YES;
				GCC_OPTIMIZATION_LEVEL = 0;
				GCC_PREPROCESSOR_DEFINITIONS = (
					"DEBUG=1",
					"$(inherited)",
				);
				GCC_WARN_64_TO_32_BIT_CONVERSION = YES;
				GCC_WARN_ABOUT_RETURN_TYPE = YES_ERROR;
				GCC_WARN_UNDECLARED_SELECTOR = YES;
				GCC_WARN_UNINITIALIZED_AUTOS = YES_AGGRESSIVE;
				GCC_WARN_UNUSED_FUNCTION = YES;
				GCC_WARN_UNUSED_VARIABLE = YES;
				IPHONEOS_DEPLOYMENT_TARGET = 16.4;
				MTL_ENABLE_DEBUG_INFO = INCLUDE_SOURCE;
				MTL_FAST_MATH = YES;
				ONLY_ACTIVE_ARCH = YES;
				SDKROOT = iphoneos;
				SWIFT_ACTIVE_COMPILATION_CONDITIONS = DEBUG;
				SWIFT_OPTIMIZATION_LEVEL = "-Onone";
			};
			name = Debug;
		};
		EE9EB8362A08BEB100CD78B5 /* Release */ = {
			isa = XCBuildConfiguration;
			buildSettings = {
				ALWAYS_SEARCH_USER_PATHS = NO;
				CLANG_ANALYZER_NONNULL = YES;
				CLANG_ANALYZER_NUMBER_OBJECT_CONVERSION = YES_AGGRESSIVE;
				CLANG_CXX_LANGUAGE_STANDARD = "gnu++20";
				CLANG_ENABLE_MODULES = YES;
				CLANG_ENABLE_OBJC_ARC = YES;
				CLANG_ENABLE_OBJC_WEAK = YES;
				CLANG_WARN_BLOCK_CAPTURE_AUTORELEASING = YES;
				CLANG_WARN_BOOL_CONVERSION = YES;
				CLANG_WARN_COMMA = YES;
				CLANG_WARN_CONSTANT_CONVERSION = YES;
				CLANG_WARN_DEPRECATED_OBJC_IMPLEMENTATIONS = YES;
				CLANG_WARN_DIRECT_OBJC_ISA_USAGE = YES_ERROR;
				CLANG_WARN_DOCUMENTATION_COMMENTS = YES;
				CLANG_WARN_EMPTY_BODY = YES;
				CLANG_WARN_ENUM_CONVERSION = YES;
				CLANG_WARN_INFINITE_RECURSION = YES;
				CLANG_WARN_INT_CONVERSION = YES;
				CLANG_WARN_NON_LITERAL_NULL_CONVERSION = YES;
				CLANG_WARN_OBJC_IMPLICIT_RETAIN_SELF = YES;
				CLANG_WARN_OBJC_LITERAL_CONVERSION = YES;
				CLANG_WARN_OBJC_ROOT_CLASS = YES_ERROR;
				CLANG_WARN_QUOTED_INCLUDE_IN_FRAMEWORK_HEADER = YES;
				CLANG_WARN_RANGE_LOOP_ANALYSIS = YES;
				CLANG_WARN_STRICT_PROTOTYPES = YES;
				CLANG_WARN_SUSPICIOUS_MOVE = YES;
				CLANG_WARN_UNGUARDED_AVAILABILITY = YES_AGGRESSIVE;
				CLANG_WARN_UNREACHABLE_CODE = YES;
				CLANG_WARN__DUPLICATE_METHOD_MATCH = YES;
				COPY_PHASE_STRIP = NO;
				DEBUG_INFORMATION_FORMAT = "dwarf-with-dsym";
				ENABLE_NS_ASSERTIONS = NO;
				ENABLE_STRICT_OBJC_MSGSEND = YES;
				GCC_C_LANGUAGE_STANDARD = gnu11;
				GCC_NO_COMMON_BLOCKS = YES;
				GCC_WARN_64_TO_32_BIT_CONVERSION = YES;
				GCC_WARN_ABOUT_RETURN_TYPE = YES_ERROR;
				GCC_WARN_UNDECLARED_SELECTOR = YES;
				GCC_WARN_UNINITIALIZED_AUTOS = YES_AGGRESSIVE;
				GCC_WARN_UNUSED_FUNCTION = YES;
				GCC_WARN_UNUSED_VARIABLE = YES;
				IPHONEOS_DEPLOYMENT_TARGET = 16.4;
				MTL_ENABLE_DEBUG_INFO = NO;
				MTL_FAST_MATH = YES;
				SDKROOT = iphoneos;
				SWIFT_COMPILATION_MODE = wholemodule;
				SWIFT_OPTIMIZATION_LEVEL = "-O";
				VALIDATE_PRODUCT = YES;
			};
			name = Release;
		};
		EE9EB8382A08BEB100CD78B5 /* Debug */ = {
			isa = XCBuildConfiguration;
			buildSettings = {
				ASSETCATALOG_COMPILER_APPICON_NAME = AppIcon;
				ASSETCATALOG_COMPILER_GLOBAL_ACCENT_COLOR_NAME = AccentColor;
				CODE_SIGN_STYLE = Automatic;
				CURRENT_PROJECT_VERSION = 1;
				DEVELOPMENT_ASSET_PATHS = "\"FileManagerTest/Preview Content\"";
				DEVELOPMENT_TEAM = 47N48U5HD5;
				ENABLE_PREVIEWS = YES;
				GENERATE_INFOPLIST_FILE = YES;
				INFOPLIST_KEY_UIApplicationSceneManifest_Generation = YES;
				INFOPLIST_KEY_UIApplicationSupportsIndirectInputEvents = YES;
				INFOPLIST_KEY_UILaunchScreen_Generation = YES;
				INFOPLIST_KEY_UISupportedInterfaceOrientations_iPad = "UIInterfaceOrientationPortrait UIInterfaceOrientationPortraitUpsideDown UIInterfaceOrientationLandscapeLeft UIInterfaceOrientationLandscapeRight";
				INFOPLIST_KEY_UISupportedInterfaceOrientations_iPhone = "UIInterfaceOrientationPortrait UIInterfaceOrientationLandscapeLeft UIInterfaceOrientationLandscapeRight";
				LD_RUNPATH_SEARCH_PATHS = (
					"$(inherited)",
					"@executable_path/Frameworks",
				);
				MARKETING_VERSION = 1.0;
				PRODUCT_BUNDLE_IDENTIFIER = xnoag.FileManagerTest;
				PRODUCT_NAME = "$(TARGET_NAME)";
				SWIFT_EMIT_LOC_STRINGS = YES;
				SWIFT_VERSION = 5.0;
				TARGETED_DEVICE_FAMILY = "1,2";
			};
			name = Debug;
		};
		EE9EB8392A08BEB100CD78B5 /* Release */ = {
			isa = XCBuildConfiguration;
			buildSettings = {
				ASSETCATALOG_COMPILER_APPICON_NAME = AppIcon;
				ASSETCATALOG_COMPILER_GLOBAL_ACCENT_COLOR_NAME = AccentColor;
				CODE_SIGN_STYLE = Automatic;
				CURRENT_PROJECT_VERSION = 1;
				DEVELOPMENT_ASSET_PATHS = "\"FileManagerTest/Preview Content\"";
				DEVELOPMENT_TEAM = 47N48U5HD5;
				ENABLE_PREVIEWS = YES;
				GENERATE_INFOPLIST_FILE = YES;
				INFOPLIST_KEY_UIApplicationSceneManifest_Generation = YES;
				INFOPLIST_KEY_UIApplicationSupportsIndirectInputEvents = YES;
				INFOPLIST_KEY_UILaunchScreen_Generation = YES;
				INFOPLIST_KEY_UISupportedInterfaceOrientations_iPad = "UIInterfaceOrientationPortrait UIInterfaceOrientationPortraitUpsideDown UIInterfaceOrientationLandscapeLeft UIInterfaceOrientationLandscapeRight";
				INFOPLIST_KEY_UISupportedInterfaceOrientations_iPhone = "UIInterfaceOrientationPortrait UIInterfaceOrientationLandscapeLeft UIInterfaceOrientationLandscapeRight";
				LD_RUNPATH_SEARCH_PATHS = (
					"$(inherited)",
					"@executable_path/Frameworks",
				);
				MARKETING_VERSION = 1.0;
				PRODUCT_BUNDLE_IDENTIFIER = xnoag.FileManagerTest;
				PRODUCT_NAME = "$(TARGET_NAME)";
				SWIFT_EMIT_LOC_STRINGS = YES;
				SWIFT_VERSION = 5.0;
				TARGETED_DEVICE_FAMILY = "1,2";
			};
			name = Release;
		};
/* End XCBuildConfiguration section */

/* Begin XCConfigurationList section */
		EE9EB8242A08BEB100CD78B5 /* Build configuration list for PBXProject "MC2BuriBuri" */ = {
			isa = XCConfigurationList;
			buildConfigurations = (
				EE9EB8352A08BEB100CD78B5 /* Debug */,
				EE9EB8362A08BEB100CD78B5 /* Release */,
			);
			defaultConfigurationIsVisible = 0;
			defaultConfigurationName = Release;
		};
		EE9EB8372A08BEB100CD78B5 /* Build configuration list for PBXNativeTarget "MC2BuriBuri" */ = {
			isa = XCConfigurationList;
			buildConfigurations = (
				EE9EB8382A08BEB100CD78B5 /* Debug */,
				EE9EB8392A08BEB100CD78B5 /* Release */,
			);
			defaultConfigurationIsVisible = 0;
			defaultConfigurationName = Release;
		};
/* End XCConfigurationList section */
	};
	rootObject = EE9EB8212A08BEB100CD78B5 /* Project object */;
}
